# This file is machine-generated by `gh actions-lock`.
# Do not edit by hand; run `gh actions-lock` to update.
# Docs: https://gh.io/actions-lockfile
version: 'v0.0.2'
workflows:
    '.github/workflows/codeql.yml':
        - 'actions/checkout@v7.0.1'
        - 'github/codeql-action@v4.37.3'
    '.github/workflows/oikosbot.yml':
        - 'actions/checkout@v7.0.1'
        - 'github/codeql-action@v4.37.3'
        - 'hyperpolymath/oikosbot@v0.1.0'
    '.github/workflows/pages.yml':
        - 'actions/checkout@v7.0.1'
        - 'actions/deploy-pages@v5.0.0'
        - 'actions/upload-pages-artifact@v5.0.0'
dependencies:
    'actions/checkout@v7.0.1':
        ref: 'v7.0.1'
        commit: 'sha1-3d3c42e5aac5ba805825da76410c181273ba90b1'
        owner_id: 44036562
        repo_id: 197814629
    'actions/deploy-pages@v5.0.0':
        ref: 'v5.0.0'
        commit: 'sha1-cd2ce8fcbc39b97be8ca5fce6e763baed58fa128'
        owner_id: 44036562
        repo_id: 438112499
    'actions/upload-artifact@bbbca2ddaa5d8feaa63e36b76fdaad77386f024f':
        ref: 'v7.0.0'
        commit: 'sha1-bbbca2ddaa5d8feaa63e36b76fdaad77386f024f'
        owner_id: 44036562
        repo_id: 192625955
    'actions/upload-pages-artifact@v5.0.0':
        ref: 'v5.0.0'
        commit: 'sha1-fc324d3547104276b827a68afc52ff2a11cc49c9'
        owner_id: 44036562
        repo_id: 496012378
        uses:
            - 'actions/upload-artifact@bbbca2ddaa5d8feaa63e36b76fdaad77386f024f'
    'github/codeql-action@v4.37.3':
        ref: 'v4.37.3'
        commit: 'sha1-e4fba868fa4b1b91e1fdab776edc8cfbe6e9fb81'
        owner_id: 9919
        repo_id: 259445878
    'hyperpolymath/oikosbot@v0.1.0':
        ref: 'v0.1.0'
        commit: 'sha1-bb95ab5063ab9b43a948e21ed8b3fe35b1d1768b'
        owner_id: 6759885
        repo_id: 1274526902
    '.github/workflows/secret-scanner.yml': []
